name: null
channels:
  - conda-forge
  - defaults
dependencies:
  - ca-certificates=2020.12.5=h033912b_0
  - certifi=2020.12.5=py38h50d1736_0
  - libblas=3.9.0=4_openblas
  - libcblas=3.9.0=4_openblas
  - libcxx=11.0.0=h4c3b8ed_1
  - libffi=3.3=h046ec9c_2
  - libgfortran=5.0.0=h6c81a4c_15
  - libgfortran5=9.3.0=h6c81a4c_15
  - liblapack=3.9.0=4_openblas
  - libopenblas=0.3.12=openmp_h54245bb_1
  - llvm-openmp=11.0.0=h73239a0_1
  - ncurses=6.2=h2e338ed_4
  - numpy=1.19.4=py38h6ced74f_2
  - openssl=1.1.1i=h35c211d_0
  - pip=20.3.3=pyhd8ed1ab_0
  - python=3.8.6=h624753d_4_cpython
  - python_abi=3.8=1_cp38
  - readline=8.0=h0678c8f_2
  - setuptools=49.6.0=py38h5347e94_2
  - sqlite=3.34.0=h17101e1_0
  - tk=8.6.10=h0419947_1
  - wheel=0.36.2=pyhd3deb0d_0
  - xz=5.2.5=haf1e3a3_1
  - zlib=1.2.11=h7795811_1010
  - pip:
    - appdirs==1.4.4
    - argcomplete==1.12.2
    - attrs==20.3.0
    - colorlog==4.6.2
    - distlib==0.3.1
    - filelock==3.0.12
    - flake8==3.8.4
    - iniconfig==1.1.1
    - invoke==1.5.0
    - mccabe==0.6.1
    - nox==2020.8.22
    - packaging==20.8
    - pluggy==0.13.1
    - py==1.10.0
    - pycodestyle==2.6.0
    - pyflakes==2.2.0
    - pyparsing==2.4.7
    - pytest==6.2.1
    - pyyaml==5.3.1
    - six==1.15.0
    - toml==0.10.2
    - virtualenv==20.2.2
prefix: /Users/Edu/dev/template/template/.nox/tests
